github.com/brianvoe/gofakeit v3.18.0+incompatible h1:wDOmHc9DLG4nRjUVVaxA+CEglKOW72Y5+4WNxUIkjM8=
github.com/brianvoe/gofakeit v3.18.0+incompatible/go.mod h1:kfwdRA90vvNhPutZWfH7WPaDzUjz+CZFqG+rPkOjGOc=
github.com/felixge/httpsnoop v1.0.4 h1:NFTV2Zj1bL4mc9sqWACXbQFVBBg2W3GPvqp8/ESS2Wg=
github.com/felixge/httpsnoop v1.0.4/go.mod h1:m8KPJKqk1gH5J9DgRY2ASl2lWCfGKXixSwevea8zH2U=
github.com/google/uuid v1.6.0 h1:NIvaJDMOsjHA8n1jAhLSgzrAzy1Hgr+hNrb57e+94F0=
github.com/google/uuid v1.6.0/go.mod h1:TIyPZe4MgqvfeYDBFedMoGGpEw/LqOeaOT+nhxU+yHo=
github.com/gorilla/handlers v1.5.2 h1:cLTUSsNkgcwhgRqvCNmdbRWG0A3N4F+M2nWKdScwyEE=
github.com/gorilla/handlers v1.5.2/go.mod h1:dX+xVpaxdSw+q0Qek8SSsl3dfMk3jNddUkMzo0GtH0w=
github.com/gorilla/mux v1.8.1 h1:TuBL49tXwgrFYWhqrNgrUNEY92u81SPhu7sTdzQEiWY=
github.com/gorilla/mux v1.8.1/go.mod h1:AKf9I4AEqPTmMytcMc0KkNouC66V3BtZ4qD5fmWSiMQ=
github.com/kr/pretty v0.1.0/go.mod h1:dAy3ld7l9f0ibDNOQOHHMYYIIbhfbHSm3C4ZsoJORNo=
github.com/kr/pty v1.1.1/go.mod h1:pFQYn66WHrOpPYNljwOMqo10TkYh1fy3cYio2l3bCsQ=
github.com/kr/text v0.1.0/go.mod h1:4Jbv+DJW3UT/LiOwJeYQe1efqtUx/iVham/4vfdArNI=
github.com/rs/cors v1.10.1 h1:L0uuZVXIKlI1SShY2nhFfo44TYvDPQ1w4oFkUJNfhyo=
github.com/rs/cors v1.10.1/go.mod h1:XyqrcTp5zjWr1wsJ8PIRZssZ8b/WMcMf71DJnit4EMU=
github.com/satori/go.uuid v1.2.0 h1:0uYX9dsZ2yD7q2RtLRtPSdGDWzjeM3TbMJP9utgA0ww=
github.com/satori/go.uuid v1.2.0/go.mod h1:dA0hQrYB0VpLJoorglMZABFdXlWrHn1NEOzdhQKdks0=
github.com/tealeg/xlsx v1.0.5 h1:+f8oFmvY8Gw1iUXzPk+kz+4GpbDZPK1FhPiQRd+ypgE=
github.com/tealeg/xlsx v1.0.5/go.mod h1:btRS8dz54TDnvKNosuAqxrM1QgN1udgk9O34bDCnORM=
gopkg.in/check.v1 v1.0.0-20190902080502-41f04d3bba15/go.mod h1:Co6ibVJAznAaIkqp8huTwlJQCZ016jof/cbN4VW5Yz0=
